# This is a Gradle generated file for dependency locking.
# Manual edits can break the build and are not advised.
# This file is expected to be part of source control.
com.github.joselion:maybe:2.1.0=compileClasspath,runtimeClasspath,testCompileClasspath,testRuntimeClasspath
com.google.code.findbugs:jsr305:3.0.2=checkstyle,compileClasspath
com.google.errorprone:error_prone_annotations:2.11.0=checkstyle
com.google.guava:failureaccess:1.0.1=checkstyle
com.google.guava:guava:31.1-jre=checkstyle
com.google.guava:listenablefuture:9999.0-empty-to-avoid-conflict-with-guava=checkstyle
com.google.j2objc:j2objc-annotations:1.3=checkstyle
com.h2database:h2:2.1.212=testCompileClasspath,testRuntimeClasspath
com.puppycrawl.tools:checkstyle:10.2=checkstyle
commons-beanutils:commons-beanutils:1.9.4=checkstyle
commons-codec:commons-codec:1.11=checkstyle
commons-collections:commons-collections:3.2.2=checkstyle
info.picocli:picocli:4.6.3=checkstyle,compileClasspath,runtimeClasspath,testCompileClasspath,testRuntimeClasspath
io.projectreactor:reactor-core:3.4.18=compileClasspath,runtimeClasspath,testCompileClasspath,testRuntimeClasspath
io.projectreactor:reactor-test:3.4.18=testCompileClasspath,testRuntimeClasspath
net.bytebuddy:byte-buddy-agent:1.11.13=testCompileClasspath,testRuntimeClasspath
net.bytebuddy:byte-buddy:1.11.13=testCompileClasspath,testRuntimeClasspath
net.sf.saxon:Saxon-HE:11.3=checkstyle
org.antlr:antlr4-runtime:4.10.1=checkstyle
org.apache.httpcomponents:httpclient:4.5.13=checkstyle
org.apache.httpcomponents:httpcore:4.4.13=checkstyle
org.apache.logging.log4j:log4j-api:2.17.2=compileClasspath,runtimeClasspath,testCompileClasspath,testRuntimeClasspath
org.apache.logging.log4j:log4j-core:2.17.2=compileClasspath,runtimeClasspath,testCompileClasspath,testRuntimeClasspath
org.apiguardian:apiguardian-api:1.1.2=testCompileClasspath
org.assertj:assertj-core:3.22.0=testCompileClasspath,testRuntimeClasspath
org.checkerframework:checker-qual:3.12.0=checkstyle
org.eclipse.jdt:org.eclipse.jdt.annotation:2.2.600=compileClasspath
org.flywaydb:flyway-core:8.5.12=compileClasspath,testCompileClasspath,testRuntimeClasspath
org.javassist:javassist:3.28.0-GA=checkstyle
org.junit.jupiter:junit-jupiter-api:5.8.2=testCompileClasspath,testRuntimeClasspath
org.junit.jupiter:junit-jupiter-engine:5.8.2=testRuntimeClasspath
org.junit.jupiter:junit-jupiter-params:5.8.2=testCompileClasspath,testRuntimeClasspath
org.junit.jupiter:junit-jupiter:5.8.2=testCompileClasspath,testRuntimeClasspath
org.junit.platform:junit-platform-commons:1.8.2=testCompileClasspath,testRuntimeClasspath
org.junit.platform:junit-platform-engine:1.8.2=testRuntimeClasspath
org.junit:junit-bom:5.8.2=testCompileClasspath,testRuntimeClasspath
org.mockito:mockito-core:3.12.4=testCompileClasspath,testRuntimeClasspath
org.mockito:mockito-inline:3.12.4=testCompileClasspath,testRuntimeClasspath
org.objenesis:objenesis:3.2=testCompileClasspath,testRuntimeClasspath
org.opentest4j:opentest4j:1.2.0=testCompileClasspath,testRuntimeClasspath
org.reactivestreams:reactive-streams:1.0.3=compileClasspath,runtimeClasspath,testCompileClasspath,testRuntimeClasspath
org.reflections:reflections:0.10.2=checkstyle
org.xmlresolver:xmlresolver:4.2.0=checkstyle
uk.org.webcompere:system-stubs-core:2.0.1=testCompileClasspath,testRuntimeClasspath
uk.org.webcompere:system-stubs-jupiter:2.0.1=testCompileClasspath,testRuntimeClasspath
empty=annotationProcessor,sonarlint,sonarlintPlugins,testAnnotationProcessor
